github.com/emirpasic/gods v1.18.1 h1:FXtiHYKDGKCW2KzwZKx0iC0PQmdlorYgdFG9jPXJ1Bc=
github.com/emirpasic/gods v1.18.1/go.mod h1:8tpGGwCnJ5H4r6BWwaV6OrWmMoPhUl5jm/FMNAnJvWQ=
github.com/jepsen-io/maelstrom/demo/go v0.0.0-20230410034848-d1ba02cffac2 h1:toroFVdR3GF3NZiNKU7Eb2R6T8LWeqhOJRAtltT5ZlY=
github.com/jepsen-io/maelstrom/demo/go v0.0.0-20230410034848-d1ba02cffac2/go.mod h1:i6aVIs5AIOOaQF1lAisBm7DDeWM1Iopf+26UxjagsCU=
